# THIS IS AN AUTOGENERATED FILE. DO NOT EDIT THIS FILE DIRECTLY.
# yarn lockfile v1


commander@^2.16.0:
  version "2.16.0"
  resolved "https://registry.yarnpkg.com/commander/-/commander-2.16.0.tgz#f16390593996ceb4f3eeb020b31d78528f7f8a50"

configparser@^0.2.6:
  version "0.2.6"
  resolved "https://registry.yarnpkg.com/configparser/-/configparser-0.2.6.tgz#c04e36c66f54b0d0371699249d844d278bd2289c"
